
Microsoft Visual Studio Solution File, Format Version 12.00
# Visual Studio 14
VisualStudioVersion = 14.0.23107.0
MinimumVisualStudioVersion = 10.0.40219.1
Project("{FAE04EC0-301F-11D3-BF4B-00C04F79EFBC}") = "MapTest", "MapTest\MapTest.csproj", "{8E64E7D4-6EC5-41A1-A762-9F14CD5D5BAC}"
EndProject
Global
	GlobalSection(SolutionConfigurationPlatforms) = preSolution
		Debug|Any CPU = Debug|Any CPU
		Release|Any CPU = Release|Any CPU
	EndGlobalSection
	GlobalSection(ProjectConfigurationPlatforms) = postSolution
		{8E64E7D4-6EC5-41A1-A762-9F14CD5D5BAC}.Debug|Any CPU.ActiveCfg = Debug|Any CPU
		{8E64E7D4-6EC5-41A1-A762-9F14CD5D5BAC}.Debug|Any CPU.Build.0 = Debug|Any CPU
		{8E64E7D4-6EC5-41A1-A762-9F14CD5D5BAC}.Release|Any CPU.ActiveCfg = Release|Any CPU
		{8E64E7D4-6EC5-41A1-A762-9F14CD5D5BAC}.Release|Any CPU.Build.0 = Release|Any CPU
	EndGlobalSection
	GlobalSection(SolutionProperties) = preSolution
		HideSolutionNode = FALSE
	EndGlobalSection
EndGlobal
